// !$*UTF8*$!
{
	archiveVersion = 1;
	classes = {
	};
	objectVersion = 56;
	objects = {

/* Begin PBXBuildFile section */
		F848B2CC28F45B5900596357 /* Color.swift in Sources */ = {isa = PBXBuildFile; fileRef = F848B2CB28F45B5900596357 /* Color.swift */; };
		F848B2CE28F45B6F00596357 /* LoadingAlert.swift in Sources */ = {isa = PBXBuildFile; fileRef = F848B2CD28F45B6F00596357 /* LoadingAlert.swift */; };
		F848B2D028F45B8900596357 /* Toast.swift in Sources */ = {isa = PBXBuildFile; fileRef = F848B2CF28F45B8900596357 /* Toast.swift */; };
		F848B2D528F45E2300596357 /* IQKeyboardManagerSwift in Frameworks */ = {isa = PBXBuildFile; productRef = F848B2D428F45E2300596357 /* IQKeyboardManagerSwift */; };
		F848B2D828F4744000596357 /* DebtViewController.swift in Sources */ = {isa = PBXBuildFile; fileRef = F848B2D728F4744000596357 /* DebtViewController.swift */; };
		F862F0AF2950AA62002CB745 /* Payment.swift in Sources */ = {isa = PBXBuildFile; fileRef = F862F0AE2950AA62002CB745 /* Payment.swift */; };
		F875E66128FD90430054117B /* DropDownCell.swift in Sources */ = {isa = PBXBuildFile; fileRef = F875E66028FD90430054117B /* DropDownCell.swift */; };
		F88F12A828F7076500D3864D /* LabelButton.swift in Sources */ = {isa = PBXBuildFile; fileRef = F88F12A728F7076500D3864D /* LabelButton.swift */; };
		F89009DE294C6A3900C92D25 /* Product.swift in Sources */ = {isa = PBXBuildFile; fileRef = F89009DD294C6A3900C92D25 /* Product.swift */; };
		F89009E1294CBDB600C92D25 /* Realm in Frameworks */ = {isa = PBXBuildFile; productRef = F89009E0294CBDB600C92D25 /* Realm */; };
		F89009E3294CBDB600C92D25 /* RealmSwift in Frameworks */ = {isa = PBXBuildFile; productRef = F89009E2294CBDB600C92D25 /* RealmSwift */; };
		F89009E5294DDAEF00C92D25 /* User.swift in Sources */ = {isa = PBXBuildFile; fileRef = F89009E4294DDAEF00C92D25 /* User.swift */; };
		F89009E9294DE1B400C92D25 /* Access.swift in Sources */ = {isa = PBXBuildFile; fileRef = F89009E8294DE1B400C92D25 /* Access.swift */; };
		F8B915272905277A00B4C8DF /* Localizable.strings in Resources */ = {isa = PBXBuildFile; fileRef = F8B915292905277A00B4C8DF /* Localizable.strings */; };
		F8CE601E28F43513006ACC7B /* AppDelegate.swift in Sources */ = {isa = PBXBuildFile; fileRef = F8CE601D28F43513006ACC7B /* AppDelegate.swift */; };
		F8CE602028F43513006ACC7B /* SceneDelegate.swift in Sources */ = {isa = PBXBuildFile; fileRef = F8CE601F28F43513006ACC7B /* SceneDelegate.swift */; };
		F8CE602228F43513006ACC7B /* RegisterViewController.swift in Sources */ = {isa = PBXBuildFile; fileRef = F8CE602128F43513006ACC7B /* RegisterViewController.swift */; };
		F8CE602728F43515006ACC7B /* Assets.xcassets in Resources */ = {isa = PBXBuildFile; fileRef = F8CE602628F43515006ACC7B /* Assets.xcassets */; };
		F8CE602A28F43515006ACC7B /* LaunchScreen.storyboard in Resources */ = {isa = PBXBuildFile; fileRef = F8CE602828F43515006ACC7B /* LaunchScreen.storyboard */; };
		F8CE603528F436CE006ACC7B /* MainViewController.swift in Sources */ = {isa = PBXBuildFile; fileRef = F8CE603428F436CE006ACC7B /* MainViewController.swift */; };
		F8CE603828F436EA006ACC7B /* SearchViewController.swift in Sources */ = {isa = PBXBuildFile; fileRef = F8CE603728F436EA006ACC7B /* SearchViewController.swift */; };
		F8CE603C28F437D7006ACC7B /* WarehouseViewController.swift in Sources */ = {isa = PBXBuildFile; fileRef = F8CE603B28F437D7006ACC7B /* WarehouseViewController.swift */; };
		F8CE603F28F43801006ACC7B /* AddProductViewController.swift in Sources */ = {isa = PBXBuildFile; fileRef = F8CE603E28F43800006ACC7B /* AddProductViewController.swift */; };
		F8CE604228F4381D006ACC7B /* AnalyzeViewController.swift in Sources */ = {isa = PBXBuildFile; fileRef = F8CE604128F4381D006ACC7B /* AnalyzeViewController.swift */; };
		F8CE604628F4383C006ACC7B /* ProfileViewController.swift in Sources */ = {isa = PBXBuildFile; fileRef = F8CE604528F4383C006ACC7B /* ProfileViewController.swift */; };
		F8CE604928F43964006ACC7B /* FirebaseAuth in Frameworks */ = {isa = PBXBuildFile; productRef = F8CE604828F43964006ACC7B /* FirebaseAuth */; };
		F8CE604B28F43964006ACC7B /* FirebaseAuthCombine-Community in Frameworks */ = {isa = PBXBuildFile; productRef = F8CE604A28F43964006ACC7B /* FirebaseAuthCombine-Community */; };
		F8CE604D28F43964006ACC7B /* FirebaseFirestore in Frameworks */ = {isa = PBXBuildFile; productRef = F8CE604C28F43964006ACC7B /* FirebaseFirestore */; };
		F8CE604F28F43964006ACC7B /* FirebaseFirestoreCombine-Community in Frameworks */ = {isa = PBXBuildFile; productRef = F8CE604E28F43964006ACC7B /* FirebaseFirestoreCombine-Community */; };
		F8CE605128F43964006ACC7B /* FirebaseFirestoreSwift in Frameworks */ = {isa = PBXBuildFile; productRef = F8CE605028F43964006ACC7B /* FirebaseFirestoreSwift */; };
		F8CE605328F43964006ACC7B /* FirebaseStorage in Frameworks */ = {isa = PBXBuildFile; productRef = F8CE605228F43964006ACC7B /* FirebaseStorage */; };
		F8CE605528F43964006ACC7B /* FirebaseStorageCombine-Community in Frameworks */ = {isa = PBXBuildFile; productRef = F8CE605428F43964006ACC7B /* FirebaseStorageCombine-Community */; };
		F8E82FFC2907E6300054F2A5 /* GoogleService-Info.plist in Resources */ = {isa = PBXBuildFile; fileRef = F8E82FFB2907E6300054F2A5 /* GoogleService-Info.plist */; };
/* End PBXBuildFile section */

/* Begin PBXFileReference section */
		F848B2CB28F45B5900596357 /* Color.swift */ = {isa = PBXFileReference; lastKnownFileType = sourcecode.swift; path = Color.swift; sourceTree = "<group>"; };
		F848B2CD28F45B6F00596357 /* LoadingAlert.swift */ = {isa = PBXFileReference; lastKnownFileType = sourcecode.swift; path = LoadingAlert.swift; sourceTree = "<group>"; };
		F848B2CF28F45B8900596357 /* Toast.swift */ = {isa = PBXFileReference; lastKnownFileType = sourcecode.swift; path = Toast.swift; sourceTree = "<group>"; };
		F848B2D728F4744000596357 /* DebtViewController.swift */ = {isa = PBXFileReference; lastKnownFileType = sourcecode.swift; path = DebtViewController.swift; sourceTree = "<group>"; };
		F862F0AE2950AA62002CB745 /* Payment.swift */ = {isa = PBXFileReference; lastKnownFileType = sourcecode.swift; path = Payment.swift; sourceTree = "<group>"; };
		F875E66028FD90430054117B /* DropDownCell.swift */ = {isa = PBXFileReference; lastKnownFileType = sourcecode.swift; path = DropDownCell.swift; sourceTree = "<group>"; };
		F88F12A728F7076500D3864D /* LabelButton.swift */ = {isa = PBXFileReference; lastKnownFileType = sourcecode.swift; path = LabelButton.swift; sourceTree = "<group>"; };
		F89009DD294C6A3900C92D25 /* Product.swift */ = {isa = PBXFileReference; lastKnownFileType = sourcecode.swift; path = Product.swift; sourceTree = "<group>"; };
		F89009E4294DDAEF00C92D25 /* User.swift */ = {isa = PBXFileReference; lastKnownFileType = sourcecode.swift; path = User.swift; sourceTree = "<group>"; };
		F89009E8294DE1B400C92D25 /* Access.swift */ = {isa = PBXFileReference; lastKnownFileType = sourcecode.swift; path = Access.swift; sourceTree = "<group>"; };
		F8B915282905277A00B4C8DF /* en */ = {isa = PBXFileReference; lastKnownFileType = text.plist.strings; name = en; path = en.lproj/Localizable.strings; sourceTree = "<group>"; };
		F8B9152A290527E700B4C8DF /* ru */ = {isa = PBXFileReference; lastKnownFileType = text.plist.strings; name = ru; path = ru.lproj/Localizable.strings; sourceTree = "<group>"; };
		F8CE601A28F43513006ACC7B /* Cella.app */ = {isa = PBXFileReference; explicitFileType = wrapper.application; includeInIndex = 0; path = Cella.app; sourceTree = BUILT_PRODUCTS_DIR; };
		F8CE601D28F43513006ACC7B /* AppDelegate.swift */ = {isa = PBXFileReference; lastKnownFileType = sourcecode.swift; path = AppDelegate.swift; sourceTree = "<group>"; };
		F8CE601F28F43513006ACC7B /* SceneDelegate.swift */ = {isa = PBXFileReference; lastKnownFileType = sourcecode.swift; path = SceneDelegate.swift; sourceTree = "<group>"; };
		F8CE602128F43513006ACC7B /* RegisterViewController.swift */ = {isa = PBXFileReference; lastKnownFileType = sourcecode.swift; path = RegisterViewController.swift; sourceTree = "<group>"; };
		F8CE602628F43515006ACC7B /* Assets.xcassets */ = {isa = PBXFileReference; lastKnownFileType = folder.assetcatalog; path = Assets.xcassets; sourceTree = "<group>"; };
		F8CE602928F43515006ACC7B /* Base */ = {isa = PBXFileReference; lastKnownFileType = file.storyboard; name = Base; path = Base.lproj/LaunchScreen.storyboard; sourceTree = "<group>"; };
		F8CE602B28F43515006ACC7B /* Info.plist */ = {isa = PBXFileReference; lastKnownFileType = text.plist.xml; path = Info.plist; sourceTree = "<group>"; };
		F8CE603428F436CE006ACC7B /* MainViewController.swift */ = {isa = PBXFileReference; lastKnownFileType = sourcecode.swift; path = MainViewController.swift; sourceTree = "<group>"; };
		F8CE603728F436EA006ACC7B /* SearchViewController.swift */ = {isa = PBXFileReference; lastKnownFileType = sourcecode.swift; path = SearchViewController.swift; sourceTree = "<group>"; };
		F8CE603B28F437D7006ACC7B /* WarehouseViewController.swift */ = {isa = PBXFileReference; lastKnownFileType = sourcecode.swift; path = WarehouseViewController.swift; sourceTree = "<group>"; };
		F8CE603E28F43800006ACC7B /* AddProductViewController.swift */ = {isa = PBXFileReference; lastKnownFileType = sourcecode.swift; path = AddProductViewController.swift; sourceTree = "<group>"; };
		F8CE604128F4381D006ACC7B /* AnalyzeViewController.swift */ = {isa = PBXFileReference; lastKnownFileType = sourcecode.swift; path = AnalyzeViewController.swift; sourceTree = "<group>"; };
		F8CE604528F4383C006ACC7B /* ProfileViewController.swift */ = {isa = PBXFileReference; lastKnownFileType = sourcecode.swift; path = ProfileViewController.swift; sourceTree = "<group>"; };
		F8E82FFB2907E6300054F2A5 /* GoogleService-Info.plist */ = {isa = PBXFileReference; fileEncoding = 4; lastKnownFileType = text.plist.xml; path = "GoogleService-Info.plist"; sourceTree = "<group>"; };
/* End PBXFileReference section */

/* Begin PBXFrameworksBuildPhase section */
		F8CE601728F43513006ACC7B /* Frameworks */ = {
			isa = PBXFrameworksBuildPhase;
			buildActionMask = 2147483647;
			files = (
				F8CE605128F43964006ACC7B /* FirebaseFirestoreSwift in Frameworks */,
				F848B2D528F45E2300596357 /* IQKeyboardManagerSwift in Frameworks */,
				F8CE605528F43964006ACC7B /* FirebaseStorageCombine-Community in Frameworks */,
				F8CE604928F43964006ACC7B /* FirebaseAuth in Frameworks */,
				F8CE604F28F43964006ACC7B /* FirebaseFirestoreCombine-Community in Frameworks */,
				F8CE604B28F43964006ACC7B /* FirebaseAuthCombine-Community in Frameworks */,
				F89009E1294CBDB600C92D25 /* Realm in Frameworks */,
				F8CE604D28F43964006ACC7B /* FirebaseFirestore in Frameworks */,
				F89009E3294CBDB600C92D25 /* RealmSwift in Frameworks */,
				F8CE605328F43964006ACC7B /* FirebaseStorage in Frameworks */,
			);
			runOnlyForDeploymentPostprocessing = 0;
		};
/* End PBXFrameworksBuildPhase section */

/* Begin PBXGroup section */
		F848B2CA28F45B3B00596357 /* Utils */ = {
			isa = PBXGroup;
			children = (
				F848B2CB28F45B5900596357 /* Color.swift */,
				F848B2CD28F45B6F00596357 /* LoadingAlert.swift */,
				F848B2CF28F45B8900596357 /* Toast.swift */,
				F88F12A728F7076500D3864D /* LabelButton.swift */,
				F875E66028FD90430054117B /* DropDownCell.swift */,
				F8B915292905277A00B4C8DF /* Localizable.strings */,
			);
			path = Utils;
			sourceTree = "<group>";
		};
		F848B2D628F4742F00596357 /* Dept */ = {
			isa = PBXGroup;
			children = (
				F848B2D728F4744000596357 /* DebtViewController.swift */,
			);
			path = Dept;
			sourceTree = "<group>";
		};
		F89009DC294C690200C92D25 /* Model */ = {
			isa = PBXGroup;
			children = (
				F89009DD294C6A3900C92D25 /* Product.swift */,
				F89009E4294DDAEF00C92D25 /* User.swift */,
				F89009E8294DE1B400C92D25 /* Access.swift */,
				F862F0AE2950AA62002CB745 /* Payment.swift */,
			);
			path = Model;
			sourceTree = "<group>";
		};
		F8CE601128F43513006ACC7B = {
			isa = PBXGroup;
			children = (
				F8CE601C28F43513006ACC7B /* Cella */,
				F8CE601B28F43513006ACC7B /* Products */,
			);
			sourceTree = "<group>";
		};
		F8CE601B28F43513006ACC7B /* Products */ = {
			isa = PBXGroup;
			children = (
				F8CE601A28F43513006ACC7B /* Cella.app */,
			);
			name = Products;
			sourceTree = "<group>";
		};
		F8CE601C28F43513006ACC7B /* Cella */ = {
			isa = PBXGroup;
			children = (
				F89009DC294C690200C92D25 /* Model */,
				F8E82FFB2907E6300054F2A5 /* GoogleService-Info.plist */,
				F8CE603128F43653006ACC7B /* View */,
				F8CE601D28F43513006ACC7B /* AppDelegate.swift */,
				F8CE601F28F43513006ACC7B /* SceneDelegate.swift */,
				F8CE602628F43515006ACC7B /* Assets.xcassets */,
				F8CE602828F43515006ACC7B /* LaunchScreen.storyboard */,
				F8CE602B28F43515006ACC7B /* Info.plist */,
			);
			path = Cella;
			sourceTree = "<group>";
		};
		F8CE603128F43653006ACC7B /* View */ = {
			isa = PBXGroup;
			children = (
				F848B2CA28F45B3B00596357 /* Utils */,
				F8CE603328F43674006ACC7B /* Register */,
				F8CE603228F4366F006ACC7B /* Main */,
			);
			path = View;
			sourceTree = "<group>";
		};
		F8CE603228F4366F006ACC7B /* Main */ = {
			isa = PBXGroup;
			children = (
				F8CE604428F4382C006ACC7B /* Profile */,
				F8CE604028F43808006ACC7B /* Analyze */,
				F8CE603D28F437DE006ACC7B /* AddProduct */,
				F8CE603A28F437BD006ACC7B /* Warehouse */,
				F8CE603628F436D9006ACC7B /* Search */,
				F8CE603428F436CE006ACC7B /* MainViewController.swift */,
			);
			path = Main;
			sourceTree = "<group>";
		};
		F8CE603328F43674006ACC7B /* Register */ = {
			isa = PBXGroup;
			children = (
				F8CE602128F43513006ACC7B /* RegisterViewController.swift */,
			);
			path = Register;
			sourceTree = "<group>";
		};
		F8CE603628F436D9006ACC7B /* Search */ = {
			isa = PBXGroup;
			children = (
				F848B2D628F4742F00596357 /* Dept */,
				F8CE603728F436EA006ACC7B /* SearchViewController.swift */,
			);
			path = Search;
			sourceTree = "<group>";
		};
		F8CE603A28F437BD006ACC7B /* Warehouse */ = {
			isa = PBXGroup;
			children = (
				F8CE603B28F437D7006ACC7B /* WarehouseViewController.swift */,
			);
			path = Warehouse;
			sourceTree = "<group>";
		};
		F8CE603D28F437DE006ACC7B /* AddProduct */ = {
			isa = PBXGroup;
			children = (
				F8CE603E28F43800006ACC7B /* AddProductViewController.swift */,
			);
			path = AddProduct;
			sourceTree = "<group>";
		};
		F8CE604028F43808006ACC7B /* Analyze */ = {
			isa = PBXGroup;
			children = (
				F8CE604128F4381D006ACC7B /* AnalyzeViewController.swift */,
			);
			path = Analyze;
			sourceTree = "<group>";
		};
		F8CE604428F4382C006ACC7B /* Profile */ = {
			isa = PBXGroup;
			children = (
				F8CE604528F4383C006ACC7B /* ProfileViewController.swift */,
			);
			path = Profile;
			sourceTree = "<group>";
		};
/* End PBXGroup section */

/* Begin PBXNativeTarget section */
		F8CE601928F43513006ACC7B /* Cella */ = {
			isa = PBXNativeTarget;
			buildConfigurationList = F8CE602E28F43515006ACC7B /* Build configuration list for PBXNativeTarget "Cella" */;
			buildPhases = (
				F8CE601628F43513006ACC7B /* Sources */,
				F8CE601728F43513006ACC7B /* Frameworks */,
				F8CE601828F43513006ACC7B /* Resources */,
			);
			buildRules = (
			);
			dependencies = (
			);
			name = Cella;
			packageProductDependencies = (
				F8CE604828F43964006ACC7B /* FirebaseAuth */,
				F8CE604A28F43964006ACC7B /* FirebaseAuthCombine-Community */,
				F8CE604C28F43964006ACC7B /* FirebaseFirestore */,
				F8CE604E28F43964006ACC7B /* FirebaseFirestoreCombine-Community */,
				F8CE605028F43964006ACC7B /* FirebaseFirestoreSwift */,
				F8CE605228F43964006ACC7B /* FirebaseStorage */,
				F8CE605428F43964006ACC7B /* FirebaseStorageCombine-Community */,
				F848B2D428F45E2300596357 /* IQKeyboardManagerSwift */,
				F89009E0294CBDB600C92D25 /* Realm */,
				F89009E2294CBDB600C92D25 /* RealmSwift */,
			);
			productName = Cella;
			productReference = F8CE601A28F43513006ACC7B /* Cella.app */;
			productType = "com.apple.product-type.application";
		};
/* End PBXNativeTarget section */

/* Begin PBXProject section */
		F8CE601228F43513006ACC7B /* Project object */ = {
			isa = PBXProject;
			attributes = {
				BuildIndependentTargetsInParallel = 1;
				LastSwiftUpdateCheck = 1400;
				LastUpgradeCheck = 1400;
				TargetAttributes = {
					F8CE601928F43513006ACC7B = {
						CreatedOnToolsVersion = 14.0.1;
					};
				};
			};
			buildConfigurationList = F8CE601528F43513006ACC7B /* Build configuration list for PBXProject "Cella" */;
			compatibilityVersion = "Xcode 14.0";
			developmentRegion = en;
			hasScannedForEncodings = 0;
			knownRegions = (
				en,
				Base,
				ru,
			);
			mainGroup = F8CE601128F43513006ACC7B;
			packageReferences = (
				F8CE604728F43964006ACC7B /* XCRemoteSwiftPackageReference "firebase-ios-sdk" */,
				F848B2D328F45E2300596357 /* XCRemoteSwiftPackageReference "IQKeyboardManager" */,
				F89009DF294CBDB600C92D25 /* XCRemoteSwiftPackageReference "realm-swift" */,
			);
			productRefGroup = F8CE601B28F43513006ACC7B /* Products */;
			projectDirPath = "";
			projectRoot = "";
			targets = (
				F8CE601928F43513006ACC7B /* Cella */,
			);
		};
/* End PBXProject section */

/* Begin PBXResourcesBuildPhase section */
		F8CE601828F43513006ACC7B /* Resources */ = {
			isa = PBXResourcesBuildPhase;
			buildActionMask = 2147483647;
			files = (
				F8CE602A28F43515006ACC7B /* LaunchScreen.storyboard in Resources */,
				F8E82FFC2907E6300054F2A5 /* GoogleService-Info.plist in Resources */,
				F8B915272905277A00B4C8DF /* Localizable.strings in Resources */,
				F8CE602728F43515006ACC7B /* Assets.xcassets in Resources */,
			);
			runOnlyForDeploymentPostprocessing = 0;
		};
/* End PBXResourcesBuildPhase section */

/* Begin PBXSourcesBuildPhase section */
		F8CE601628F43513006ACC7B /* Sources */ = {
			isa = PBXSourcesBuildPhase;
			buildActionMask = 2147483647;
			files = (
				F8CE603C28F437D7006ACC7B /* WarehouseViewController.swift in Sources */,
				F848B2D028F45B8900596357 /* Toast.swift in Sources */,
				F88F12A828F7076500D3864D /* LabelButton.swift in Sources */,
				F8CE604228F4381D006ACC7B /* AnalyzeViewController.swift in Sources */,
				F8CE603F28F43801006ACC7B /* AddProductViewController.swift in Sources */,
				F848B2CC28F45B5900596357 /* Color.swift in Sources */,
				F8CE603828F436EA006ACC7B /* SearchViewController.swift in Sources */,
				F89009E9294DE1B400C92D25 /* Access.swift in Sources */,
				F89009E5294DDAEF00C92D25 /* User.swift in Sources */,
				F8CE602228F43513006ACC7B /* RegisterViewController.swift in Sources */,
				F848B2D828F4744000596357 /* DebtViewController.swift in Sources */,
				F89009DE294C6A3900C92D25 /* Product.swift in Sources */,
				F848B2CE28F45B6F00596357 /* LoadingAlert.swift in Sources */,
				F875E66128FD90430054117B /* DropDownCell.swift in Sources */,
				F8CE601E28F43513006ACC7B /* AppDelegate.swift in Sources */,
				F8CE604628F4383C006ACC7B /* ProfileViewController.swift in Sources */,
				F862F0AF2950AA62002CB745 /* Payment.swift in Sources */,
				F8CE602028F43513006ACC7B /* SceneDelegate.swift in Sources */,
				F8CE603528F436CE006ACC7B /* MainViewController.swift in Sources */,
			);
			runOnlyForDeploymentPostprocessing = 0;
		};
/* End PBXSourcesBuildPhase section */

/* Begin PBXVariantGroup section */
		F8B915292905277A00B4C8DF /* Localizable.strings */ = {
			isa = PBXVariantGroup;
			children = (
				F8B915282905277A00B4C8DF /* en */,
				F8B9152A290527E700B4C8DF /* ru */,
			);
			name = Localizable.strings;
			sourceTree = "<group>";
		};
		F8CE602828F43515006ACC7B /* LaunchScreen.storyboard */ = {
			isa = PBXVariantGroup;
			children = (
				F8CE602928F43515006ACC7B /* Base */,
			);
			name = LaunchScreen.storyboard;
			sourceTree = "<group>";
		};
/* End PBXVariantGroup section */

/* Begin XCBuildConfiguration section */
		F8CE602C28F43515006ACC7B /* Debug */ = {
			isa = XCBuildConfiguration;
			buildSettings = {
				ALWAYS_SEARCH_USER_PATHS = NO;
				CLANG_ANALYZER_LOCALIZABILITY_NONLOCALIZED = YES;
				CLANG_ANALYZER_NONNULL = YES;
				CLANG_ANALYZER_NUMBER_OBJECT_CONVERSION = YES_AGGRESSIVE;
				CLANG_CXX_LANGUAGE_STANDARD = "gnu++20";
				CLANG_ENABLE_MODULES = YES;
				CLANG_ENABLE_OBJC_ARC = YES;
				CLANG_ENABLE_OBJC_WEAK = YES;
				CLANG_WARN_BLOCK_CAPTURE_AUTORELEASING = YES;
				CLANG_WARN_BOOL_CONVERSION = YES;
				CLANG_WARN_COMMA = YES;
				CLANG_WARN_CONSTANT_CONVERSION = YES;
				CLANG_WARN_DEPRECATED_OBJC_IMPLEMENTATIONS = YES;
				CLANG_WARN_DIRECT_OBJC_ISA_USAGE = YES_ERROR;
				CLANG_WARN_DOCUMENTATION_COMMENTS = YES;
				CLANG_WARN_EMPTY_BODY = YES;
				CLANG_WARN_ENUM_CONVERSION = YES;
				CLANG_WARN_INFINITE_RECURSION = YES;
				CLANG_WARN_INT_CONVERSION = YES;
				CLANG_WARN_NON_LITERAL_NULL_CONVERSION = YES;
				CLANG_WARN_OBJC_IMPLICIT_RETAIN_SELF = YES;
				CLANG_WARN_OBJC_LITERAL_CONVERSION = YES;
				CLANG_WARN_OBJC_ROOT_CLASS = YES_ERROR;
				CLANG_WARN_QUOTED_INCLUDE_IN_FRAMEWORK_HEADER = YES;
				CLANG_WARN_RANGE_LOOP_ANALYSIS = YES;
				CLANG_WARN_STRICT_PROTOTYPES = YES;
				CLANG_WARN_SUSPICIOUS_MOVE = YES;
				CLANG_WARN_UNGUARDED_AVAILABILITY = YES_AGGRESSIVE;
				CLANG_WARN_UNREACHABLE_CODE = YES;
				CLANG_WARN__DUPLICATE_METHOD_MATCH = YES;
				COPY_PHASE_STRIP = NO;
				DEBUG_INFORMATION_FORMAT = dwarf;
				ENABLE_STRICT_OBJC_MSGSEND = YES;
				ENABLE_TESTABILITY = YES;
				GCC_C_LANGUAGE_STANDARD = gnu11;
				GCC_DYNAMIC_NO_PIC = NO;
				GCC_NO_COMMON_BLOCKS = YES;
				GCC_OPTIMIZATION_LEVEL = 0;
				GCC_PREPROCESSOR_DEFINITIONS = (
					"DEBUG=1",
					"$(inherited)",
				);
				GCC_WARN_64_TO_32_BIT_CONVERSION = YES;
				GCC_WARN_ABOUT_RETURN_TYPE = YES_ERROR;
				GCC_WARN_UNDECLARED_SELECTOR = YES;
				GCC_WARN_UNINITIALIZED_AUTOS = YES_AGGRESSIVE;
				GCC_WARN_UNUSED_FUNCTION = YES;
				GCC_WARN_UNUSED_VARIABLE = YES;
				IPHONEOS_DEPLOYMENT_TARGET = 16.0;
				MTL_ENABLE_DEBUG_INFO = INCLUDE_SOURCE;
				MTL_FAST_MATH = YES;
				ONLY_ACTIVE_ARCH = YES;
				SDKROOT = iphoneos;
				SWIFT_ACTIVE_COMPILATION_CONDITIONS = DEBUG;
				SWIFT_OPTIMIZATION_LEVEL = "-Onone";
			};
			name = Debug;
		};
		F8CE602D28F43515006ACC7B /* Release */ = {
			isa = XCBuildConfiguration;
			buildSettings = {
				ALWAYS_SEARCH_USER_PATHS = NO;
				CLANG_ANALYZER_LOCALIZABILITY_NONLOCALIZED = YES;
				CLANG_ANALYZER_NONNULL = YES;
				CLANG_ANALYZER_NUMBER_OBJECT_CONVERSION = YES_AGGRESSIVE;
				CLANG_CXX_LANGUAGE_STANDARD = "gnu++20";
				CLANG_ENABLE_MODULES = YES;
				CLANG_ENABLE_OBJC_ARC = YES;
				CLANG_ENABLE_OBJC_WEAK = YES;
				CLANG_WARN_BLOCK_CAPTURE_AUTORELEASING = YES;
				CLANG_WARN_BOOL_CONVERSION = YES;
				CLANG_WARN_COMMA = YES;
				CLANG_WARN_CONSTANT_CONVERSION = YES;
				CLANG_WARN_DEPRECATED_OBJC_IMPLEMENTATIONS = YES;
				CLANG_WARN_DIRECT_OBJC_ISA_USAGE = YES_ERROR;
				CLANG_WARN_DOCUMENTATION_COMMENTS = YES;
				CLANG_WARN_EMPTY_BODY = YES;
				CLANG_WARN_ENUM_CONVERSION = YES;
				CLANG_WARN_INFINITE_RECURSION = YES;
				CLANG_WARN_INT_CONVERSION = YES;
				CLANG_WARN_NON_LITERAL_NULL_CONVERSION = YES;
				CLANG_WARN_OBJC_IMPLICIT_RETAIN_SELF = YES;
				CLANG_WARN_OBJC_LITERAL_CONVERSION = YES;
				CLANG_WARN_OBJC_ROOT_CLASS = YES_ERROR;
				CLANG_WARN_QUOTED_INCLUDE_IN_FRAMEWORK_HEADER = YES;
				CLANG_WARN_RANGE_LOOP_ANALYSIS = YES;
				CLANG_WARN_STRICT_PROTOTYPES = YES;
				CLANG_WARN_SUSPICIOUS_MOVE = YES;
				CLANG_WARN_UNGUARDED_AVAILABILITY = YES_AGGRESSIVE;
				CLANG_WARN_UNREACHABLE_CODE = YES;
				CLANG_WARN__DUPLICATE_METHOD_MATCH = YES;
				COPY_PHASE_STRIP = NO;
				DEBUG_INFORMATION_FORMAT = "dwarf-with-dsym";
				ENABLE_NS_ASSERTIONS = NO;
				ENABLE_STRICT_OBJC_MSGSEND = YES;
				GCC_C_LANGUAGE_STANDARD = gnu11;
				GCC_NO_COMMON_BLOCKS = YES;
				GCC_WARN_64_TO_32_BIT_CONVERSION = YES;
				GCC_WARN_ABOUT_RETURN_TYPE = YES_ERROR;
				GCC_WARN_UNDECLARED_SELECTOR = YES;
				GCC_WARN_UNINITIALIZED_AUTOS = YES_AGGRESSIVE;
				GCC_WARN_UNUSED_FUNCTION = YES;
				GCC_WARN_UNUSED_VARIABLE = YES;
				IPHONEOS_DEPLOYMENT_TARGET = 16.0;
				MTL_ENABLE_DEBUG_INFO = NO;
				MTL_FAST_MATH = YES;
				SDKROOT = iphoneos;
				SWIFT_COMPILATION_MODE = wholemodule;
				SWIFT_OPTIMIZATION_LEVEL = "-O";
				VALIDATE_PRODUCT = YES;
			};
			name = Release;
		};
		F8CE602F28F43515006ACC7B /* Debug */ = {
			isa = XCBuildConfiguration;
			buildSettings = {
				ASSETCATALOG_COMPILER_APPICON_NAME = AppIcon;
				ASSETCATALOG_COMPILER_GLOBAL_ACCENT_COLOR_NAME = AccentColor;
				CODE_SIGN_STYLE = Automatic;
				CURRENT_PROJECT_VERSION = 1;
				DEVELOPMENT_TEAM = TQNTTDL9C6;
				GENERATE_INFOPLIST_FILE = YES;
				INFOPLIST_FILE = Cella/Info.plist;
				INFOPLIST_KEY_CFBundleDisplayName = Cella;
				INFOPLIST_KEY_LSApplicationCategoryType = "public.app-category.business";
				INFOPLIST_KEY_UIApplicationSupportsIndirectInputEvents = YES;
				INFOPLIST_KEY_UILaunchStoryboardName = LaunchScreen.storyboard;
				INFOPLIST_KEY_UISupportedInterfaceOrientations = UIInterfaceOrientationPortrait;
				IPHONEOS_DEPLOYMENT_TARGET = 13.0;
				LD_RUNPATH_SEARCH_PATHS = (
					"$(inherited)",
					"@executable_path/Frameworks",
				);
				MARKETING_VERSION = 1.0;
				PRODUCT_BUNDLE_IDENTIFIER = com.joma.Cella;
				PRODUCT_NAME = "$(TARGET_NAME)";
				SUPPORTED_PLATFORMS = "iphoneos iphonesimulator";
				SUPPORTS_MACCATALYST = NO;
				SUPPORTS_MAC_DESIGNED_FOR_IPHONE_IPAD = NO;
				SWIFT_EMIT_LOC_STRINGS = YES;
				SWIFT_VERSION = 5.0;
				TARGETED_DEVICE_FAMILY = "1,2";
			};
			name = Debug;
		};
		F8CE603028F43515006ACC7B /* Release */ = {
			isa = XCBuildConfiguration;
			buildSettings = {
				ASSETCATALOG_COMPILER_APPICON_NAME = AppIcon;
				ASSETCATALOG_COMPILER_GLOBAL_ACCENT_COLOR_NAME = AccentColor;
				CODE_SIGN_STYLE = Automatic;
				CURRENT_PROJECT_VERSION = 1;
				DEVELOPMENT_TEAM = TQNTTDL9C6;
				GENERATE_INFOPLIST_FILE = YES;
				INFOPLIST_FILE = Cella/Info.plist;
				INFOPLIST_KEY_CFBundleDisplayName = Cella;
				INFOPLIST_KEY_LSApplicationCategoryType = "public.app-category.business";
				INFOPLIST_KEY_UIApplicationSupportsIndirectInputEvents = YES;
				INFOPLIST_KEY_UILaunchStoryboardName = LaunchScreen.storyboard;
				INFOPLIST_KEY_UISupportedInterfaceOrientations = UIInterfaceOrientationPortrait;
				IPHONEOS_DEPLOYMENT_TARGET = 13.0;
				LD_RUNPATH_SEARCH_PATHS = (
					"$(inherited)",
					"@executable_path/Frameworks",
				);
				MARKETING_VERSION = 1.0;
				PRODUCT_BUNDLE_IDENTIFIER = com.joma.Cella;
				PRODUCT_NAME = "$(TARGET_NAME)";
				SUPPORTED_PLATFORMS = "iphoneos iphonesimulator";
				SUPPORTS_MACCATALYST = NO;
				SUPPORTS_MAC_DESIGNED_FOR_IPHONE_IPAD = NO;
				SWIFT_EMIT_LOC_STRINGS = YES;
				SWIFT_VERSION = 5.0;
				TARGETED_DEVICE_FAMILY = "1,2";
			};
			name = Release;
		};
/* End XCBuildConfiguration section */

/* Begin XCConfigurationList section */
		F8CE601528F43513006ACC7B /* Build configuration list for PBXProject "Cella" */ = {
			isa = XCConfigurationList;
			buildConfigurations = (
				F8CE602C28F43515006ACC7B /* Debug */,
				F8CE602D28F43515006ACC7B /* Release */,
			);
			defaultConfigurationIsVisible = 0;
			defaultConfigurationName = Release;
		};
		F8CE602E28F43515006ACC7B /* Build configuration list for PBXNativeTarget "Cella" */ = {
			isa = XCConfigurationList;
			buildConfigurations = (
				F8CE602F28F43515006ACC7B /* Debug */,
				F8CE603028F43515006ACC7B /* Release */,
			);
			defaultConfigurationIsVisible = 0;
			defaultConfigurationName = Release;
		};
/* End XCConfigurationList section */

/* Begin XCRemoteSwiftPackageReference section */
		F848B2D328F45E2300596357 /* XCRemoteSwiftPackageReference "IQKeyboardManager" */ = {
			isa = XCRemoteSwiftPackageReference;
			repositoryURL = "https://github.com/hackiftekhar/IQKeyboardManager.git";
			requirement = {
				kind = exactVersion;
				version = 6.5.10;
			};
		};
		F89009DF294CBDB600C92D25 /* XCRemoteSwiftPackageReference "realm-swift" */ = {
			isa = XCRemoteSwiftPackageReference;
			repositoryURL = "https://github.com/realm/realm-swift.git";
			requirement = {
				kind = upToNextMajorVersion;
				minimumVersion = 10.33.0;
			};
		};
		F8CE604728F43964006ACC7B /* XCRemoteSwiftPackageReference "firebase-ios-sdk" */ = {
			isa = XCRemoteSwiftPackageReference;
			repositoryURL = "https://github.com/firebase/firebase-ios-sdk";
			requirement = {
				kind = upToNextMajorVersion;
				minimumVersion = 9.0.0;
			};
		};
/* End XCRemoteSwiftPackageReference section */

/* Begin XCSwiftPackageProductDependency section */
		F848B2D428F45E2300596357 /* IQKeyboardManagerSwift */ = {
			isa = XCSwiftPackageProductDependency;
			package = F848B2D328F45E2300596357 /* XCRemoteSwiftPackageReference "IQKeyboardManager" */;
			productName = IQKeyboardManagerSwift;
		};
		F89009E0294CBDB600C92D25 /* Realm */ = {
			isa = XCSwiftPackageProductDependency;
			package = F89009DF294CBDB600C92D25 /* XCRemoteSwiftPackageReference "realm-swift" */;
			productName = Realm;
		};
		F89009E2294CBDB600C92D25 /* RealmSwift */ = {
			isa = XCSwiftPackageProductDependency;
			package = F89009DF294CBDB600C92D25 /* XCRemoteSwiftPackageReference "realm-swift" */;
			productName = RealmSwift;
		};
		F8CE604828F43964006ACC7B /* FirebaseAuth */ = {
			isa = XCSwiftPackageProductDependency;
			package = F8CE604728F43964006ACC7B /* XCRemoteSwiftPackageReference "firebase-ios-sdk" */;
			productName = FirebaseAuth;
		};
		F8CE604A28F43964006ACC7B /* FirebaseAuthCombine-Community */ = {
			isa = XCSwiftPackageProductDependency;
			package = F8CE604728F43964006ACC7B /* XCRemoteSwiftPackageReference "firebase-ios-sdk" */;
			productName = "FirebaseAuthCombine-Community";
		};
		F8CE604C28F43964006ACC7B /* FirebaseFirestore */ = {
			isa = XCSwiftPackageProductDependency;
			package = F8CE604728F43964006ACC7B /* XCRemoteSwiftPackageReference "firebase-ios-sdk" */;
			productName = FirebaseFirestore;
		};
		F8CE604E28F43964006ACC7B /* FirebaseFirestoreCombine-Community */ = {
			isa = XCSwiftPackageProductDependency;
			package = F8CE604728F43964006ACC7B /* XCRemoteSwiftPackageReference "firebase-ios-sdk" */;
			productName = "FirebaseFirestoreCombine-Community";
		};
		F8CE605028F43964006ACC7B /* FirebaseFirestoreSwift */ = {
			isa = XCSwiftPackageProductDependency;
			package = F8CE604728F43964006ACC7B /* XCRemoteSwiftPackageReference "firebase-ios-sdk" */;
			productName = FirebaseFirestoreSwift;
		};
		F8CE605228F43964006ACC7B /* FirebaseStorage */ = {
			isa = XCSwiftPackageProductDependency;
			package = F8CE604728F43964006ACC7B /* XCRemoteSwiftPackageReference "firebase-ios-sdk" */;
			productName = FirebaseStorage;
		};
		F8CE605428F43964006ACC7B /* FirebaseStorageCombine-Community */ = {
			isa = XCSwiftPackageProductDependency;
			package = F8CE604728F43964006ACC7B /* XCRemoteSwiftPackageReference "firebase-ios-sdk" */;
			productName = "FirebaseStorageCombine-Community";
		};
/* End XCSwiftPackageProductDependency section */
	};
	rootObject = F8CE601228F43513006ACC7B /* Project object */;
}
